
Microsoft Visual Studio Solution File, Format Version 12.00
# Visual Studio Version 16
VisualStudioVersion = 16.0.31729.503
MinimumVisualStudioVersion = 10.0.40219.1
Project("{FAE04EC0-301F-11D3-BF4B-00C04F79EFBC}") = "GenrenciadorEstoqueDetalhes", "GenrenciadorEstoqueDetalhes\GenrenciadorEstoqueDetalhes.csproj", "{6329B829-859F-4E2F-91E9-F4B71594AC69}"
EndProject
Global
	GlobalSection(SolutionConfigurationPlatforms) = preSolution
		Debug|Any CPU = Debug|Any CPU
		Release|Any CPU = Release|Any CPU
	EndGlobalSection
	GlobalSection(ProjectConfigurationPlatforms) = postSolution
		{6329B829-859F-4E2F-91E9-F4B71594AC69}.Debug|Any CPU.ActiveCfg = Debug|Any CPU
		{6329B829-859F-4E2F-91E9-F4B71594AC69}.Debug|Any CPU.Build.0 = Debug|Any CPU
		{6329B829-859F-4E2F-91E9-F4B71594AC69}.Release|Any CPU.ActiveCfg = Release|Any CPU
		{6329B829-859F-4E2F-91E9-F4B71594AC69}.Release|Any CPU.Build.0 = Release|Any CPU
	EndGlobalSection
	GlobalSection(SolutionProperties) = preSolution
		HideSolutionNode = FALSE
	EndGlobalSection
	GlobalSection(ExtensibilityGlobals) = postSolution
		SolutionGuid = {9665FB3A-10BD-49F3-A77E-E4A4A6B474D5}
	EndGlobalSection
EndGlobal
